// !$*UTF8*$!
{
	archiveVersion = 1;
	classes = {
	};
	objectVersion = 56;
	objects = {

/* Begin PBXBuildFile section */
		E52388092C5805390038E0D2 /* ActivityCardView.swift in Sources */ = {isa = PBXBuildFile; fileRef = E52388082C5805380038E0D2 /* ActivityCardView.swift */; };
		E523880B2C5811730038E0D2 /* WorkoutCardView.swift in Sources */ = {isa = PBXBuildFile; fileRef = E523880A2C5811730038E0D2 /* WorkoutCardView.swift */; };
		E52388102C5946680038E0D2 /* HomeViewModel.swift in Sources */ = {isa = PBXBuildFile; fileRef = E523880F2C5946680038E0D2 /* HomeViewModel.swift */; };
		E52388122C5946CB0038E0D2 /* ActivityModel.swift in Sources */ = {isa = PBXBuildFile; fileRef = E52388112C5946CB0038E0D2 /* ActivityModel.swift */; };
		E52388142C5947430038E0D2 /* WorkoutModel.swift in Sources */ = {isa = PBXBuildFile; fileRef = E52388132C5947430038E0D2 /* WorkoutModel.swift */; };
		E52388182C5951810038E0D2 /* HealthManager.swift in Sources */ = {isa = PBXBuildFile; fileRef = E52388172C5951810038E0D2 /* HealthManager.swift */; };
		E55A03EF2C6A725E00B3D9D9 /* ChartsView.swift in Sources */ = {isa = PBXBuildFile; fileRef = E55A03EE2C6A725E00B3D9D9 /* ChartsView.swift */; };
		E55A03F42C6A8D6300B3D9D9 /* ChartDataView.swift in Sources */ = {isa = PBXBuildFile; fileRef = E55A03F32C6A8D6300B3D9D9 /* ChartDataView.swift */; };
		E55A03F62C6A8FC800B3D9D9 /* ChartsViewModel.swift in Sources */ = {isa = PBXBuildFile; fileRef = E55A03F52C6A8FC800B3D9D9 /* ChartsViewModel.swift */; };
		E55A03F82C6A900100B3D9D9 /* DailyStepModel.swift in Sources */ = {isa = PBXBuildFile; fileRef = E55A03F72C6A900100B3D9D9 /* DailyStepModel.swift */; };
		E55A03FA2C6A901B00B3D9D9 /* MonthlyStepModel.swift in Sources */ = {isa = PBXBuildFile; fileRef = E55A03F92C6A901B00B3D9D9 /* MonthlyStepModel.swift */; };
		E55A03FC2C6A903000B3D9D9 /* ChartOptions.swift in Sources */ = {isa = PBXBuildFile; fileRef = E55A03FB2C6A903000B3D9D9 /* ChartOptions.swift */; };
		E5698B8E2C77B4F600C6E710 /* LeaderBoardViewModel.swift in Sources */ = {isa = PBXBuildFile; fileRef = E5698B8D2C77B4F600C6E710 /* LeaderBoardViewModel.swift */; };
		E5698B912C77B54F00C6E710 /* LeaderBoardUser.swift in Sources */ = {isa = PBXBuildFile; fileRef = E5698B902C77B54F00C6E710 /* LeaderBoardUser.swift */; };
		E5698B932C77B95D00C6E710 /* Double+Ext.swift in Sources */ = {isa = PBXBuildFile; fileRef = E5698B922C77B95D00C6E710 /* Double+Ext.swift */; };
		E5698B952C77B97900C6E710 /* Date+Ext.swift in Sources */ = {isa = PBXBuildFile; fileRef = E5698B942C77B97900C6E710 /* Date+Ext.swift */; };
		E5698B9C2C78F22B00C6E710 /* ProfileView.swift in Sources */ = {isa = PBXBuildFile; fileRef = E5698B9B2C78F22B00C6E710 /* ProfileView.swift */; };
		E5698B9E2C78F73F00C6E710 /* ProfileCustomButtonView.swift in Sources */ = {isa = PBXBuildFile; fileRef = E5698B9D2C78F73F00C6E710 /* ProfileCustomButtonView.swift */; };
		E574EA802C4F0273008A6B83 /* FitnessAppApp.swift in Sources */ = {isa = PBXBuildFile; fileRef = E574EA7F2C4F0273008A6B83 /* FitnessAppApp.swift */; };
		E574EA822C4F0273008A6B83 /* ContentView.swift in Sources */ = {isa = PBXBuildFile; fileRef = E574EA812C4F0273008A6B83 /* ContentView.swift */; };
		E574EA842C4F0275008A6B83 /* Assets.xcassets in Resources */ = {isa = PBXBuildFile; fileRef = E574EA832C4F0275008A6B83 /* Assets.xcassets */; };
		E574EA872C4F0275008A6B83 /* Preview Assets.xcassets in Resources */ = {isa = PBXBuildFile; fileRef = E574EA862C4F0275008A6B83 /* Preview Assets.xcassets */; };
		E591007C2C752B7C00767AB6 /* LeaderBoardView.swift in Sources */ = {isa = PBXBuildFile; fileRef = E591007B2C752B7C00767AB6 /* LeaderBoardView.swift */; };
		E5A25DEC2C4F0DF8008D1BF1 /* FitnessTabView.swift in Sources */ = {isa = PBXBuildFile; fileRef = E5A25DEB2C4F0DF8008D1BF1 /* FitnessTabView.swift */; };
		E5A25DEE2C4F100B008D1BF1 /* HomeView.swift in Sources */ = {isa = PBXBuildFile; fileRef = E5A25DED2C4F100B008D1BF1 /* HomeView.swift */; };
		E5A25DF02C4F1E5B008D1BF1 /* ProgressCircleView.swift in Sources */ = {isa = PBXBuildFile; fileRef = E5A25DEF2C4F1E5B008D1BF1 /* ProgressCircleView.swift */; };
		E5B56EFF2C765C920057D807 /* TermsView.swift in Sources */ = {isa = PBXBuildFile; fileRef = E5B56EFE2C765C920057D807 /* TermsView.swift */; };
		E5B9EB2D2C613D7B00A6D1E1 /* HkWorkoutTypeActivity+Ext.swift in Sources */ = {isa = PBXBuildFile; fileRef = E5B9EB2C2C613D7B00A6D1E1 /* HkWorkoutTypeActivity+Ext.swift */; };
/* End PBXBuildFile section */

/* Begin PBXFileReference section */
		E52388082C5805380038E0D2 /* ActivityCardView.swift */ = {isa = PBXFileReference; lastKnownFileType = sourcecode.swift; path = ActivityCardView.swift; sourceTree = "<group>"; };
		E523880A2C5811730038E0D2 /* WorkoutCardView.swift */ = {isa = PBXFileReference; lastKnownFileType = sourcecode.swift; path = WorkoutCardView.swift; sourceTree = "<group>"; };
		E523880F2C5946680038E0D2 /* HomeViewModel.swift */ = {isa = PBXFileReference; lastKnownFileType = sourcecode.swift; path = HomeViewModel.swift; sourceTree = "<group>"; };
		E52388112C5946CB0038E0D2 /* ActivityModel.swift */ = {isa = PBXFileReference; lastKnownFileType = sourcecode.swift; path = ActivityModel.swift; sourceTree = "<group>"; };
		E52388132C5947430038E0D2 /* WorkoutModel.swift */ = {isa = PBXFileReference; lastKnownFileType = sourcecode.swift; path = WorkoutModel.swift; sourceTree = "<group>"; };
		E52388152C594F830038E0D2 /* FitnessApp.entitlements */ = {isa = PBXFileReference; lastKnownFileType = text.plist.entitlements; path = FitnessApp.entitlements; sourceTree = "<group>"; };
		E52388172C5951810038E0D2 /* HealthManager.swift */ = {isa = PBXFileReference; lastKnownFileType = sourcecode.swift; path = HealthManager.swift; sourceTree = "<group>"; };
		E55A03EE2C6A725E00B3D9D9 /* ChartsView.swift */ = {isa = PBXFileReference; lastKnownFileType = sourcecode.swift; path = ChartsView.swift; sourceTree = "<group>"; };
		E55A03F32C6A8D6300B3D9D9 /* ChartDataView.swift */ = {isa = PBXFileReference; lastKnownFileType = sourcecode.swift; path = ChartDataView.swift; sourceTree = "<group>"; };
		E55A03F52C6A8FC800B3D9D9 /* ChartsViewModel.swift */ = {isa = PBXFileReference; lastKnownFileType = sourcecode.swift; path = ChartsViewModel.swift; sourceTree = "<group>"; };
		E55A03F72C6A900100B3D9D9 /* DailyStepModel.swift */ = {isa = PBXFileReference; lastKnownFileType = sourcecode.swift; path = DailyStepModel.swift; sourceTree = "<group>"; };
		E55A03F92C6A901B00B3D9D9 /* MonthlyStepModel.swift */ = {isa = PBXFileReference; lastKnownFileType = sourcecode.swift; path = MonthlyStepModel.swift; sourceTree = "<group>"; };
		E55A03FB2C6A903000B3D9D9 /* ChartOptions.swift */ = {isa = PBXFileReference; lastKnownFileType = sourcecode.swift; path = ChartOptions.swift; sourceTree = "<group>"; };
		E5698B8D2C77B4F600C6E710 /* LeaderBoardViewModel.swift */ = {isa = PBXFileReference; lastKnownFileType = sourcecode.swift; path = LeaderBoardViewModel.swift; sourceTree = "<group>"; };
		E5698B902C77B54F00C6E710 /* LeaderBoardUser.swift */ = {isa = PBXFileReference; lastKnownFileType = sourcecode.swift; path = LeaderBoardUser.swift; sourceTree = "<group>"; };
		E5698B922C77B95D00C6E710 /* Double+Ext.swift */ = {isa = PBXFileReference; lastKnownFileType = sourcecode.swift; path = "Double+Ext.swift"; sourceTree = "<group>"; };
		E5698B942C77B97900C6E710 /* Date+Ext.swift */ = {isa = PBXFileReference; lastKnownFileType = sourcecode.swift; path = "Date+Ext.swift"; sourceTree = "<group>"; };
		E5698B9B2C78F22B00C6E710 /* ProfileView.swift */ = {isa = PBXFileReference; lastKnownFileType = sourcecode.swift; path = ProfileView.swift; sourceTree = "<group>"; };
		E5698B9D2C78F73F00C6E710 /* ProfileCustomButtonView.swift */ = {isa = PBXFileReference; lastKnownFileType = sourcecode.swift; path = ProfileCustomButtonView.swift; sourceTree = "<group>"; };
		E574EA7C2C4F0273008A6B83 /* FitnessApp.app */ = {isa = PBXFileReference; explicitFileType = wrapper.application; includeInIndex = 0; path = FitnessApp.app; sourceTree = BUILT_PRODUCTS_DIR; };
		E574EA7F2C4F0273008A6B83 /* FitnessAppApp.swift */ = {isa = PBXFileReference; lastKnownFileType = sourcecode.swift; path = FitnessAppApp.swift; sourceTree = "<group>"; };
		E574EA812C4F0273008A6B83 /* ContentView.swift */ = {isa = PBXFileReference; lastKnownFileType = sourcecode.swift; path = ContentView.swift; sourceTree = "<group>"; };
		E574EA832C4F0275008A6B83 /* Assets.xcassets */ = {isa = PBXFileReference; lastKnownFileType = folder.assetcatalog; path = Assets.xcassets; sourceTree = "<group>"; };
		E574EA862C4F0275008A6B83 /* Preview Assets.xcassets */ = {isa = PBXFileReference; lastKnownFileType = folder.assetcatalog; path = "Preview Assets.xcassets"; sourceTree = "<group>"; };
		E591007B2C752B7C00767AB6 /* LeaderBoardView.swift */ = {isa = PBXFileReference; lastKnownFileType = sourcecode.swift; path = LeaderBoardView.swift; sourceTree = "<group>"; };
		E5A25DEB2C4F0DF8008D1BF1 /* FitnessTabView.swift */ = {isa = PBXFileReference; lastKnownFileType = sourcecode.swift; path = FitnessTabView.swift; sourceTree = "<group>"; };
		E5A25DED2C4F100B008D1BF1 /* HomeView.swift */ = {isa = PBXFileReference; lastKnownFileType = sourcecode.swift; path = HomeView.swift; sourceTree = "<group>"; };
		E5A25DEF2C4F1E5B008D1BF1 /* ProgressCircleView.swift */ = {isa = PBXFileReference; lastKnownFileType = sourcecode.swift; path = ProgressCircleView.swift; sourceTree = "<group>"; };
		E5B56EFE2C765C920057D807 /* TermsView.swift */ = {isa = PBXFileReference; lastKnownFileType = sourcecode.swift; path = TermsView.swift; sourceTree = "<group>"; };
		E5B9EB2C2C613D7B00A6D1E1 /* HkWorkoutTypeActivity+Ext.swift */ = {isa = PBXFileReference; lastKnownFileType = sourcecode.swift; path = "HkWorkoutTypeActivity+Ext.swift"; sourceTree = "<group>"; };
/* End PBXFileReference section */

/* Begin PBXFrameworksBuildPhase section */
		E574EA792C4F0273008A6B83 /* Frameworks */ = {
			isa = PBXFrameworksBuildPhase;
			buildActionMask = 2147483647;
			files = (
			);
			runOnlyForDeploymentPostprocessing = 0;
		};
/* End PBXFrameworksBuildPhase section */

/* Begin PBXGroup section */
		E52388072C5804D00038E0D2 /* Home */ = {
			isa = PBXGroup;
			children = (
				E523880E2C59464A0038E0D2 /* Views */,
				E523880D2C5946410038E0D2 /* ViewModels */,
				E523880C2C5946350038E0D2 /* Models */,
			);
			path = Home;
			sourceTree = "<group>";
		};
		E523880C2C5946350038E0D2 /* Models */ = {
			isa = PBXGroup;
			children = (
				E52388112C5946CB0038E0D2 /* ActivityModel.swift */,
				E52388132C5947430038E0D2 /* WorkoutModel.swift */,
			);
			path = Models;
			sourceTree = "<group>";
		};
		E523880D2C5946410038E0D2 /* ViewModels */ = {
			isa = PBXGroup;
			children = (
				E523880F2C5946680038E0D2 /* HomeViewModel.swift */,
			);
			path = ViewModels;
			sourceTree = "<group>";
		};
		E523880E2C59464A0038E0D2 /* Views */ = {
			isa = PBXGroup;
			children = (
				E5A25DED2C4F100B008D1BF1 /* HomeView.swift */,
				E5A25DEF2C4F1E5B008D1BF1 /* ProgressCircleView.swift */,
				E52388082C5805380038E0D2 /* ActivityCardView.swift */,
				E523880A2C5811730038E0D2 /* WorkoutCardView.swift */,
			);
			path = Views;
			sourceTree = "<group>";
		};
		E52388162C59516E0038E0D2 /* Managers */ = {
			isa = PBXGroup;
			children = (
				E52388172C5951810038E0D2 /* HealthManager.swift */,
			);
			path = Managers;
			sourceTree = "<group>";
		};
		E55A03ED2C6A724700B3D9D9 /* Charts */ = {
			isa = PBXGroup;
			children = (
				E55A03F22C6A733700B3D9D9 /* ViewModel */,
				E55A03F12C6A731000B3D9D9 /* Model */,
				E55A03F02C6A730700B3D9D9 /* Views */,
			);
			path = Charts;
			sourceTree = "<group>";
		};
		E55A03F02C6A730700B3D9D9 /* Views */ = {
			isa = PBXGroup;
			children = (
				E55A03EE2C6A725E00B3D9D9 /* ChartsView.swift */,
				E55A03F32C6A8D6300B3D9D9 /* ChartDataView.swift */,
			);
			path = Views;
			sourceTree = "<group>";
		};
		E55A03F12C6A731000B3D9D9 /* Model */ = {
			isa = PBXGroup;
			children = (
				E55A03F72C6A900100B3D9D9 /* DailyStepModel.swift */,
				E55A03F92C6A901B00B3D9D9 /* MonthlyStepModel.swift */,
				E55A03FB2C6A903000B3D9D9 /* ChartOptions.swift */,
			);
			path = Model;
			sourceTree = "<group>";
		};
		E55A03F22C6A733700B3D9D9 /* ViewModel */ = {
			isa = PBXGroup;
			children = (
				E55A03F52C6A8FC800B3D9D9 /* ChartsViewModel.swift */,
			);
			path = ViewModel;
			sourceTree = "<group>";
		};
		E5698B8B2C77B4C900C6E710 /* Views */ = {
			isa = PBXGroup;
			children = (
				E591007B2C752B7C00767AB6 /* LeaderBoardView.swift */,
				E5B56EFE2C765C920057D807 /* TermsView.swift */,
			);
			path = Views;
			sourceTree = "<group>";
		};
		E5698B8C2C77B4DD00C6E710 /* ViewModel */ = {
			isa = PBXGroup;
			children = (
				E5698B8D2C77B4F600C6E710 /* LeaderBoardViewModel.swift */,
			);
			path = ViewModel;
			sourceTree = "<group>";
		};
		E5698B8F2C77B52300C6E710 /* Model */ = {
			isa = PBXGroup;
			children = (
				E5698B902C77B54F00C6E710 /* LeaderBoardUser.swift */,
			);
			path = Model;
			sourceTree = "<group>";
		};
		E5698B962C78F1E200C6E710 /* Profile */ = {
			isa = PBXGroup;
			children = (
				E5698B992C78F1FC00C6E710 /* Model */,
				E5698B982C78F1F400C6E710 /* ViewModel */,
				E5698B972C78F1EC00C6E710 /* Views */,
			);
			path = Profile;
			sourceTree = "<group>";
		};
		E5698B972C78F1EC00C6E710 /* Views */ = {
			isa = PBXGroup;
			children = (
				E5698B9B2C78F22B00C6E710 /* ProfileView.swift */,
				E5698B9D2C78F73F00C6E710 /* ProfileCustomButtonView.swift */,
			);
			path = Views;
			sourceTree = "<group>";
		};
		E5698B982C78F1F400C6E710 /* ViewModel */ = {
			isa = PBXGroup;
			children = (
			);
			path = ViewModel;
			sourceTree = "<group>";
		};
		E5698B992C78F1FC00C6E710 /* Model */ = {
			isa = PBXGroup;
			children = (
			);
			path = Model;
			sourceTree = "<group>";
		};
		E574EA732C4F0273008A6B83 = {
			isa = PBXGroup;
			children = (
				E574EA7E2C4F0273008A6B83 /* FitnessApp */,
				E574EA7D2C4F0273008A6B83 /* Products */,
			);
			sourceTree = "<group>";
		};
		E574EA7D2C4F0273008A6B83 /* Products */ = {
			isa = PBXGroup;
			children = (
				E574EA7C2C4F0273008A6B83 /* FitnessApp.app */,
			);
			name = Products;
			sourceTree = "<group>";
		};
		E574EA7E2C4F0273008A6B83 /* FitnessApp */ = {
			isa = PBXGroup;
			children = (
				E5698B962C78F1E200C6E710 /* Profile */,
				E591007A2C752B6500767AB6 /* LeaderBoard */,
				E55A03ED2C6A724700B3D9D9 /* Charts */,
				E5B9EB2B2C613D5600A6D1E1 /* Utils */,
				E52388162C59516E0038E0D2 /* Managers */,
				E52388152C594F830038E0D2 /* FitnessApp.entitlements */,
				E52388072C5804D00038E0D2 /* Home */,
				E574EA7F2C4F0273008A6B83 /* FitnessAppApp.swift */,
				E574EA812C4F0273008A6B83 /* ContentView.swift */,
				E574EA832C4F0275008A6B83 /* Assets.xcassets */,
				E574EA852C4F0275008A6B83 /* Preview Content */,
				E5A25DEB2C4F0DF8008D1BF1 /* FitnessTabView.swift */,
			);
			path = FitnessApp;
			sourceTree = "<group>";
		};
		E574EA852C4F0275008A6B83 /* Preview Content */ = {
			isa = PBXGroup;
			children = (
				E574EA862C4F0275008A6B83 /* Preview Assets.xcassets */,
			);
			path = "Preview Content";
			sourceTree = "<group>";
		};
		E591007A2C752B6500767AB6 /* LeaderBoard */ = {
			isa = PBXGroup;
			children = (
				E5698B8F2C77B52300C6E710 /* Model */,
				E5698B8C2C77B4DD00C6E710 /* ViewModel */,
				E5698B8B2C77B4C900C6E710 /* Views */,
			);
			path = LeaderBoard;
			sourceTree = "<group>";
		};
		E5B9EB2B2C613D5600A6D1E1 /* Utils */ = {
			isa = PBXGroup;
			children = (
				E5B9EB2C2C613D7B00A6D1E1 /* HkWorkoutTypeActivity+Ext.swift */,
				E5698B922C77B95D00C6E710 /* Double+Ext.swift */,
				E5698B942C77B97900C6E710 /* Date+Ext.swift */,
			);
			path = Utils;
			sourceTree = "<group>";
		};
/* End PBXGroup section */

/* Begin PBXNativeTarget section */
		E574EA7B2C4F0273008A6B83 /* FitnessApp */ = {
			isa = PBXNativeTarget;
			buildConfigurationList = E574EA8A2C4F0275008A6B83 /* Build configuration list for PBXNativeTarget "FitnessApp" */;
			buildPhases = (
				E574EA782C4F0273008A6B83 /* Sources */,
				E574EA792C4F0273008A6B83 /* Frameworks */,
				E574EA7A2C4F0273008A6B83 /* Resources */,
			);
			buildRules = (
			);
			dependencies = (
			);
			name = FitnessApp;
			productName = FitnessApp;
			productReference = E574EA7C2C4F0273008A6B83 /* FitnessApp.app */;
			productType = "com.apple.product-type.application";
		};
/* End PBXNativeTarget section */

/* Begin PBXProject section */
		E574EA742C4F0273008A6B83 /* Project object */ = {
			isa = PBXProject;
			attributes = {
				BuildIndependentTargetsInParallel = 1;
				LastSwiftUpdateCheck = 1540;
				LastUpgradeCheck = 1540;
				TargetAttributes = {
					E574EA7B2C4F0273008A6B83 = {
						CreatedOnToolsVersion = 15.4;
					};
				};
			};
			buildConfigurationList = E574EA772C4F0273008A6B83 /* Build configuration list for PBXProject "FitnessApp" */;
			compatibilityVersion = "Xcode 14.0";
			developmentRegion = en;
			hasScannedForEncodings = 0;
			knownRegions = (
				en,
				Base,
			);
			mainGroup = E574EA732C4F0273008A6B83;
			productRefGroup = E574EA7D2C4F0273008A6B83 /* Products */;
			projectDirPath = "";
			projectRoot = "";
			targets = (
				E574EA7B2C4F0273008A6B83 /* FitnessApp */,
			);
		};
/* End PBXProject section */

/* Begin PBXResourcesBuildPhase section */
		E574EA7A2C4F0273008A6B83 /* Resources */ = {
			isa = PBXResourcesBuildPhase;
			buildActionMask = 2147483647;
			files = (
				E574EA872C4F0275008A6B83 /* Preview Assets.xcassets in Resources */,
				E574EA842C4F0275008A6B83 /* Assets.xcassets in Resources */,
			);
			runOnlyForDeploymentPostprocessing = 0;
		};
/* End PBXResourcesBuildPhase section */

/* Begin PBXSourcesBuildPhase section */
		E574EA782C4F0273008A6B83 /* Sources */ = {
			isa = PBXSourcesBuildPhase;
			buildActionMask = 2147483647;
			files = (
				E523880B2C5811730038E0D2 /* WorkoutCardView.swift in Sources */,
				E52388142C5947430038E0D2 /* WorkoutModel.swift in Sources */,
				E5A25DEC2C4F0DF8008D1BF1 /* FitnessTabView.swift in Sources */,
				E5698B952C77B97900C6E710 /* Date+Ext.swift in Sources */,
				E52388122C5946CB0038E0D2 /* ActivityModel.swift in Sources */,
				E5698B9E2C78F73F00C6E710 /* ProfileCustomButtonView.swift in Sources */,
				E5698B932C77B95D00C6E710 /* Double+Ext.swift in Sources */,
				E5698B912C77B54F00C6E710 /* LeaderBoardUser.swift in Sources */,
				E5698B9C2C78F22B00C6E710 /* ProfileView.swift in Sources */,
				E52388182C5951810038E0D2 /* HealthManager.swift in Sources */,
				E55A03F42C6A8D6300B3D9D9 /* ChartDataView.swift in Sources */,
				E5A25DEE2C4F100B008D1BF1 /* HomeView.swift in Sources */,
				E52388102C5946680038E0D2 /* HomeViewModel.swift in Sources */,
				E5B9EB2D2C613D7B00A6D1E1 /* HkWorkoutTypeActivity+Ext.swift in Sources */,
				E55A03EF2C6A725E00B3D9D9 /* ChartsView.swift in Sources */,
				E574EA822C4F0273008A6B83 /* ContentView.swift in Sources */,
				E52388092C5805390038E0D2 /* ActivityCardView.swift in Sources */,
				E5B56EFF2C765C920057D807 /* TermsView.swift in Sources */,
				E591007C2C752B7C00767AB6 /* LeaderBoardView.swift in Sources */,
				E574EA802C4F0273008A6B83 /* FitnessAppApp.swift in Sources */,
				E55A03FC2C6A903000B3D9D9 /* ChartOptions.swift in Sources */,
				E5698B8E2C77B4F600C6E710 /* LeaderBoardViewModel.swift in Sources */,
				E5A25DF02C4F1E5B008D1BF1 /* ProgressCircleView.swift in Sources */,
				E55A03F62C6A8FC800B3D9D9 /* ChartsViewModel.swift in Sources */,
				E55A03FA2C6A901B00B3D9D9 /* MonthlyStepModel.swift in Sources */,
				E55A03F82C6A900100B3D9D9 /* DailyStepModel.swift in Sources */,
			);
			runOnlyForDeploymentPostprocessing = 0;
		};
/* End PBXSourcesBuildPhase section */

/* Begin XCBuildConfiguration section */
		E574EA882C4F0275008A6B83 /* Debug */ = {
			isa = XCBuildConfiguration;
			buildSettings = {
				ALWAYS_SEARCH_USER_PATHS = NO;
				ASSETCATALOG_COMPILER_GENERATE_SWIFT_ASSET_SYMBOL_EXTENSIONS = YES;
				CLANG_ANALYZER_NONNULL = YES;
				CLANG_ANALYZER_NUMBER_OBJECT_CONVERSION = YES_AGGRESSIVE;
				CLANG_CXX_LANGUAGE_STANDARD = "gnu++20";
				CLANG_ENABLE_MODULES = YES;
				CLANG_ENABLE_OBJC_ARC = YES;
				CLANG_ENABLE_OBJC_WEAK = YES;
				CLANG_WARN_BLOCK_CAPTURE_AUTORELEASING = YES;
				CLANG_WARN_BOOL_CONVERSION = YES;
				CLANG_WARN_COMMA = YES;
				CLANG_WARN_CONSTANT_CONVERSION = YES;
				CLANG_WARN_DEPRECATED_OBJC_IMPLEMENTATIONS = YES;
				CLANG_WARN_DIRECT_OBJC_ISA_USAGE = YES_ERROR;
				CLANG_WARN_DOCUMENTATION_COMMENTS = YES;
				CLANG_WARN_EMPTY_BODY = YES;
				CLANG_WARN_ENUM_CONVERSION = YES;
				CLANG_WARN_INFINITE_RECURSION = YES;
				CLANG_WARN_INT_CONVERSION = YES;
				CLANG_WARN_NON_LITERAL_NULL_CONVERSION = YES;
				CLANG_WARN_OBJC_IMPLICIT_RETAIN_SELF = YES;
				CLANG_WARN_OBJC_LITERAL_CONVERSION = YES;
				CLANG_WARN_OBJC_ROOT_CLASS = YES_ERROR;
				CLANG_WARN_QUOTED_INCLUDE_IN_FRAMEWORK_HEADER = YES;
				CLANG_WARN_RANGE_LOOP_ANALYSIS = YES;
				CLANG_WARN_STRICT_PROTOTYPES = YES;
				CLANG_WARN_SUSPICIOUS_MOVE = YES;
				CLANG_WARN_UNGUARDED_AVAILABILITY = YES_AGGRESSIVE;
				CLANG_WARN_UNREACHABLE_CODE = YES;
				CLANG_WARN__DUPLICATE_METHOD_MATCH = YES;
				COPY_PHASE_STRIP = NO;
				DEBUG_INFORMATION_FORMAT = dwarf;
				ENABLE_STRICT_OBJC_MSGSEND = YES;
				ENABLE_TESTABILITY = YES;
				ENABLE_USER_SCRIPT_SANDBOXING = YES;
				GCC_C_LANGUAGE_STANDARD = gnu17;
				GCC_DYNAMIC_NO_PIC = NO;
				GCC_NO_COMMON_BLOCKS = YES;
				GCC_OPTIMIZATION_LEVEL = 0;
				GCC_PREPROCESSOR_DEFINITIONS = (
					"DEBUG=1",
					"$(inherited)",
				);
				GCC_WARN_64_TO_32_BIT_CONVERSION = YES;
				GCC_WARN_ABOUT_RETURN_TYPE = YES_ERROR;
				GCC_WARN_UNDECLARED_SELECTOR = YES;
				GCC_WARN_UNINITIALIZED_AUTOS = YES_AGGRESSIVE;
				GCC_WARN_UNUSED_FUNCTION = YES;
				GCC_WARN_UNUSED_VARIABLE = YES;
				IPHONEOS_DEPLOYMENT_TARGET = 17.5;
				LOCALIZATION_PREFERS_STRING_CATALOGS = YES;
				MTL_ENABLE_DEBUG_INFO = INCLUDE_SOURCE;
				MTL_FAST_MATH = YES;
				ONLY_ACTIVE_ARCH = YES;
				SDKROOT = iphoneos;
				SWIFT_ACTIVE_COMPILATION_CONDITIONS = "DEBUG $(inherited)";
				SWIFT_OPTIMIZATION_LEVEL = "-Onone";
			};
			name = Debug;
		};
		E574EA892C4F0275008A6B83 /* Release */ = {
			isa = XCBuildConfiguration;
			buildSettings = {
				ALWAYS_SEARCH_USER_PATHS = NO;
				ASSETCATALOG_COMPILER_GENERATE_SWIFT_ASSET_SYMBOL_EXTENSIONS = YES;
				CLANG_ANALYZER_NONNULL = YES;
				CLANG_ANALYZER_NUMBER_OBJECT_CONVERSION = YES_AGGRESSIVE;
				CLANG_CXX_LANGUAGE_STANDARD = "gnu++20";
				CLANG_ENABLE_MODULES = YES;
				CLANG_ENABLE_OBJC_ARC = YES;
				CLANG_ENABLE_OBJC_WEAK = YES;
				CLANG_WARN_BLOCK_CAPTURE_AUTORELEASING = YES;
				CLANG_WARN_BOOL_CONVERSION = YES;
				CLANG_WARN_COMMA = YES;
				CLANG_WARN_CONSTANT_CONVERSION = YES;
				CLANG_WARN_DEPRECATED_OBJC_IMPLEMENTATIONS = YES;
				CLANG_WARN_DIRECT_OBJC_ISA_USAGE = YES_ERROR;
				CLANG_WARN_DOCUMENTATION_COMMENTS = YES;
				CLANG_WARN_EMPTY_BODY = YES;
				CLANG_WARN_ENUM_CONVERSION = YES;
				CLANG_WARN_INFINITE_RECURSION = YES;
				CLANG_WARN_INT_CONVERSION = YES;
				CLANG_WARN_NON_LITERAL_NULL_CONVERSION = YES;
				CLANG_WARN_OBJC_IMPLICIT_RETAIN_SELF = YES;
				CLANG_WARN_OBJC_LITERAL_CONVERSION = YES;
				CLANG_WARN_OBJC_ROOT_CLASS = YES_ERROR;
				CLANG_WARN_QUOTED_INCLUDE_IN_FRAMEWORK_HEADER = YES;
				CLANG_WARN_RANGE_LOOP_ANALYSIS = YES;
				CLANG_WARN_STRICT_PROTOTYPES = YES;
				CLANG_WARN_SUSPICIOUS_MOVE = YES;
				CLANG_WARN_UNGUARDED_AVAILABILITY = YES_AGGRESSIVE;
				CLANG_WARN_UNREACHABLE_CODE = YES;
				CLANG_WARN__DUPLICATE_METHOD_MATCH = YES;
				COPY_PHASE_STRIP = NO;
				DEBUG_INFORMATION_FORMAT = "dwarf-with-dsym";
				ENABLE_NS_ASSERTIONS = NO;
				ENABLE_STRICT_OBJC_MSGSEND = YES;
				ENABLE_USER_SCRIPT_SANDBOXING = YES;
				GCC_C_LANGUAGE_STANDARD = gnu17;
				GCC_NO_COMMON_BLOCKS = YES;
				GCC_WARN_64_TO_32_BIT_CONVERSION = YES;
				GCC_WARN_ABOUT_RETURN_TYPE = YES_ERROR;
				GCC_WARN_UNDECLARED_SELECTOR = YES;
				GCC_WARN_UNINITIALIZED_AUTOS = YES_AGGRESSIVE;
				GCC_WARN_UNUSED_FUNCTION = YES;
				GCC_WARN_UNUSED_VARIABLE = YES;
				IPHONEOS_DEPLOYMENT_TARGET = 17.5;
				LOCALIZATION_PREFERS_STRING_CATALOGS = YES;
				MTL_ENABLE_DEBUG_INFO = NO;
				MTL_FAST_MATH = YES;
				SDKROOT = iphoneos;
				SWIFT_COMPILATION_MODE = wholemodule;
				VALIDATE_PRODUCT = YES;
			};
			name = Release;
		};
		E574EA8B2C4F0275008A6B83 /* Debug */ = {
			isa = XCBuildConfiguration;
			buildSettings = {
				ASSETCATALOG_COMPILER_APPICON_NAME = AppIcon;
				ASSETCATALOG_COMPILER_GLOBAL_ACCENT_COLOR_NAME = AccentColor;
				CODE_SIGN_ENTITLEMENTS = FitnessApp/FitnessApp.entitlements;
				CODE_SIGN_STYLE = Automatic;
				CURRENT_PROJECT_VERSION = 1;
				DEVELOPMENT_ASSET_PATHS = "\"FitnessApp/Preview Content\"";
				DEVELOPMENT_TEAM = A2DPYF49L2;
				ENABLE_PREVIEWS = YES;
				GENERATE_INFOPLIST_FILE = YES;
				INFOPLIST_KEY_NSHealthShareUsageDescription = "To use health kit featues in my app";
				INFOPLIST_KEY_UIApplicationSceneManifest_Generation = YES;
				INFOPLIST_KEY_UIApplicationSupportsIndirectInputEvents = YES;
				INFOPLIST_KEY_UILaunchScreen_Generation = YES;
				INFOPLIST_KEY_UISupportedInterfaceOrientations_iPad = "UIInterfaceOrientationPortrait UIInterfaceOrientationPortraitUpsideDown UIInterfaceOrientationLandscapeLeft UIInterfaceOrientationLandscapeRight";
				INFOPLIST_KEY_UISupportedInterfaceOrientations_iPhone = "UIInterfaceOrientationPortrait UIInterfaceOrientationLandscapeLeft UIInterfaceOrientationLandscapeRight";
				LD_RUNPATH_SEARCH_PATHS = (
					"$(inherited)",
					"@executable_path/Frameworks",
				);
				MARKETING_VERSION = 1.0;
				PRODUCT_BUNDLE_IDENTIFIER = com.nikitha.FitnessApp;
				PRODUCT_NAME = "$(TARGET_NAME)";
				SWIFT_EMIT_LOC_STRINGS = YES;
				SWIFT_VERSION = 5.0;
				TARGETED_DEVICE_FAMILY = "1,2";
			};
			name = Debug;
		};
		E574EA8C2C4F0275008A6B83 /* Release */ = {
			isa = XCBuildConfiguration;
			buildSettings = {
				ASSETCATALOG_COMPILER_APPICON_NAME = AppIcon;
				ASSETCATALOG_COMPILER_GLOBAL_ACCENT_COLOR_NAME = AccentColor;
				CODE_SIGN_ENTITLEMENTS = FitnessApp/FitnessApp.entitlements;
				CODE_SIGN_STYLE = Automatic;
				CURRENT_PROJECT_VERSION = 1;
				DEVELOPMENT_ASSET_PATHS = "\"FitnessApp/Preview Content\"";
				DEVELOPMENT_TEAM = A2DPYF49L2;
				ENABLE_PREVIEWS = YES;
				GENERATE_INFOPLIST_FILE = YES;
				INFOPLIST_KEY_NSHealthShareUsageDescription = "To use health kit featues in my app";
				INFOPLIST_KEY_UIApplicationSceneManifest_Generation = YES;
				INFOPLIST_KEY_UIApplicationSupportsIndirectInputEvents = YES;
				INFOPLIST_KEY_UILaunchScreen_Generation = YES;
				INFOPLIST_KEY_UISupportedInterfaceOrientations_iPad = "UIInterfaceOrientationPortrait UIInterfaceOrientationPortraitUpsideDown UIInterfaceOrientationLandscapeLeft UIInterfaceOrientationLandscapeRight";
				INFOPLIST_KEY_UISupportedInterfaceOrientations_iPhone = "UIInterfaceOrientationPortrait UIInterfaceOrientationLandscapeLeft UIInterfaceOrientationLandscapeRight";
				LD_RUNPATH_SEARCH_PATHS = (
					"$(inherited)",
					"@executable_path/Frameworks",
				);
				MARKETING_VERSION = 1.0;
				PRODUCT_BUNDLE_IDENTIFIER = com.nikitha.FitnessApp;
				PRODUCT_NAME = "$(TARGET_NAME)";
				SWIFT_EMIT_LOC_STRINGS = YES;
				SWIFT_VERSION = 5.0;
				TARGETED_DEVICE_FAMILY = "1,2";
			};
			name = Release;
		};
/* End XCBuildConfiguration section */

/* Begin XCConfigurationList section */
		E574EA772C4F0273008A6B83 /* Build configuration list for PBXProject "FitnessApp" */ = {
			isa = XCConfigurationList;
			buildConfigurations = (
				E574EA882C4F0275008A6B83 /* Debug */,
				E574EA892C4F0275008A6B83 /* Release */,
			);
			defaultConfigurationIsVisible = 0;
			defaultConfigurationName = Release;
		};
		E574EA8A2C4F0275008A6B83 /* Build configuration list for PBXNativeTarget "FitnessApp" */ = {
			isa = XCConfigurationList;
			buildConfigurations = (
				E574EA8B2C4F0275008A6B83 /* Debug */,
				E574EA8C2C4F0275008A6B83 /* Release */,
			);
			defaultConfigurationIsVisible = 0;
			defaultConfigurationName = Release;
		};
/* End XCConfigurationList section */
	};
	rootObject = E574EA742C4F0273008A6B83 /* Project object */;
}
